
Microsoft Visual Studio Solution File, Format Version 12.00
# Visual Studio Version 17
VisualStudioVersion = 17.5.33530.505
MinimumVisualStudioVersion = 10.0.40219.1
Project("{9A19103F-16F7-4668-BE54-9A1E7A4F7556}") = "Figures.Library", "Figures.Library\Figures.Library.csproj", "{9BF9DE1C-A931-44A7-AF4C-A01D3109DFBE}"
EndProject
Project("{FAE04EC0-301F-11D3-BF4B-00C04F79EFBC}") = "Figures.ConsoleApp", "Figures.ConsoleApp\Figures.ConsoleApp.csproj", "{73AD135E-8BB2-466C-AED8-F2AA67C01A76}"
EndProject
Project("{FAE04EC0-301F-11D3-BF4B-00C04F79EFBC}") = "Figures.Tests", "Figures.Tests\Figures.Tests.csproj", "{FEBCBE24-49DB-4F9B-B30B-89339BF58A17}"
EndProject
Global
	GlobalSection(SolutionConfigurationPlatforms) = preSolution
		Debug|Any CPU = Debug|Any CPU
		Release|Any CPU = Release|Any CPU
	EndGlobalSection
	GlobalSection(ProjectConfigurationPlatforms) = postSolution
		{9BF9DE1C-A931-44A7-AF4C-A01D3109DFBE}.Debug|Any CPU.ActiveCfg = Debug|Any CPU
		{9BF9DE1C-A931-44A7-AF4C-A01D3109DFBE}.Debug|Any CPU.Build.0 = Debug|Any CPU
		{9BF9DE1C-A931-44A7-AF4C-A01D3109DFBE}.Release|Any CPU.ActiveCfg = Release|Any CPU
		{9BF9DE1C-A931-44A7-AF4C-A01D3109DFBE}.Release|Any CPU.Build.0 = Release|Any CPU
		{73AD135E-8BB2-466C-AED8-F2AA67C01A76}.Debug|Any CPU.ActiveCfg = Debug|Any CPU
		{73AD135E-8BB2-466C-AED8-F2AA67C01A76}.Debug|Any CPU.Build.0 = Debug|Any CPU
		{73AD135E-8BB2-466C-AED8-F2AA67C01A76}.Release|Any CPU.ActiveCfg = Release|Any CPU
		{73AD135E-8BB2-466C-AED8-F2AA67C01A76}.Release|Any CPU.Build.0 = Release|Any CPU
		{FEBCBE24-49DB-4F9B-B30B-89339BF58A17}.Debug|Any CPU.ActiveCfg = Debug|Any CPU
		{FEBCBE24-49DB-4F9B-B30B-89339BF58A17}.Debug|Any CPU.Build.0 = Debug|Any CPU
		{FEBCBE24-49DB-4F9B-B30B-89339BF58A17}.Release|Any CPU.ActiveCfg = Release|Any CPU
		{FEBCBE24-49DB-4F9B-B30B-89339BF58A17}.Release|Any CPU.Build.0 = Release|Any CPU
	EndGlobalSection
	GlobalSection(SolutionProperties) = preSolution
		HideSolutionNode = FALSE
	EndGlobalSection
	GlobalSection(ExtensibilityGlobals) = postSolution
		SolutionGuid = {34CE2C5E-7594-4812-9A2A-7F678B89667E}
	EndGlobalSection
EndGlobal
